
Microsoft Visual Studio Solution File, Format Version 12.00
# Visual Studio 15
VisualStudioVersion = 15.0.28307.1259
MinimumVisualStudioVersion = 10.0.40219.1
Project("{FAE04EC0-301F-11D3-BF4B-00C04F79EFBC}") = "ServerConfigMtk-P2-20180140069", "ServerConfigMtk-P2-20180140069\ServerConfigMtk-P2-20180140069.csproj", "{B8332298-4510-4CA9-810E-E86E73BC5B91}"
EndProject
Global
	GlobalSection(SolutionConfigurationPlatforms) = preSolution
		Debug|Any CPU = Debug|Any CPU
		Release|Any CPU = Release|Any CPU
	EndGlobalSection
	GlobalSection(ProjectConfigurationPlatforms) = postSolution
		{B8332298-4510-4CA9-810E-E86E73BC5B91}.Debug|Any CPU.ActiveCfg = Debug|Any CPU
		{B8332298-4510-4CA9-810E-E86E73BC5B91}.Debug|Any CPU.Build.0 = Debug|Any CPU
		{B8332298-4510-4CA9-810E-E86E73BC5B91}.Release|Any CPU.ActiveCfg = Release|Any CPU
		{B8332298-4510-4CA9-810E-E86E73BC5B91}.Release|Any CPU.Build.0 = Release|Any CPU
	EndGlobalSection
	GlobalSection(SolutionProperties) = preSolution
		HideSolutionNode = FALSE
	EndGlobalSection
	GlobalSection(ExtensibilityGlobals) = postSolution
		SolutionGuid = {7C0677FD-52E8-4DA2-8E07-106CA145F4A1}
	EndGlobalSection
EndGlobal
